// !$*UTF8*$!
{
	archiveVersion = 1;
	classes = {
	};
	objectVersion = 56;
	objects = {

/* Begin PBXBuildFile section */
		D69B347F52B86DA1E9F0B173 /* Pods_CocktailsCategories.framework in Frameworks */ = {isa = PBXBuildFile; fileRef = 28B3015E39FBEC9BAB3402BD /* Pods_CocktailsCategories.framework */; };
		DD1066992BA377A500C34563 /* FiltersViewController.swift in Sources */ = {isa = PBXBuildFile; fileRef = DD1066982BA377A500C34563 /* FiltersViewController.swift */; };
		DD29D4502BCDB84700669446 /* UITableView+lastIndexPath.swift in Sources */ = {isa = PBXBuildFile; fileRef = DD29D44F2BCDB84700669446 /* UITableView+lastIndexPath.swift */; };
		DD30A82B2B87765600D9C842 /* CocktailsViewModel.swift in Sources */ = {isa = PBXBuildFile; fileRef = DD30A82A2B87765600D9C842 /* CocktailsViewModel.swift */; };
		DD30A82D2B8782AE00D9C842 /* CoctailsCategoryModel.swift in Sources */ = {isa = PBXBuildFile; fileRef = DD30A82C2B8782AE00D9C842 /* CoctailsCategoryModel.swift */; };
		DD30A82F2B87842B00D9C842 /* CoctailsListModel.swift in Sources */ = {isa = PBXBuildFile; fileRef = DD30A82E2B87842B00D9C842 /* CoctailsListModel.swift */; };
		DD4BB6372B8696240076A34F /* AppDelegate.swift in Sources */ = {isa = PBXBuildFile; fileRef = DD4BB6362B8696240076A34F /* AppDelegate.swift */; };
		DD4BB6392B8696240076A34F /* SceneDelegate.swift in Sources */ = {isa = PBXBuildFile; fileRef = DD4BB6382B8696240076A34F /* SceneDelegate.swift */; };
		DD4BB63B2B8696240076A34F /* CocktailsViewController.swift in Sources */ = {isa = PBXBuildFile; fileRef = DD4BB63A2B8696240076A34F /* CocktailsViewController.swift */; };
		DD4BB6402B8696250076A34F /* Assets.xcassets in Resources */ = {isa = PBXBuildFile; fileRef = DD4BB63F2B8696250076A34F /* Assets.xcassets */; };
		DD4BB6432B8696250076A34F /* LaunchScreen.storyboard in Resources */ = {isa = PBXBuildFile; fileRef = DD4BB6412B8696250076A34F /* LaunchScreen.storyboard */; };
		DDA10D9A2BB7742900C06837 /* UIColor+hexString.swift in Sources */ = {isa = PBXBuildFile; fileRef = DDA10D992BB7742900C06837 /* UIColor+hexString.swift */; };
		DDA10D9E2BBDE84600C06837 /* CocktailCell.swift in Sources */ = {isa = PBXBuildFile; fileRef = DDA10D9D2BBDE84600C06837 /* CocktailCell.swift */; };
		DDAA8D822BAB736900CABE0F /* GlobalConstans.swift.swift in Sources */ = {isa = PBXBuildFile; fileRef = DDAA8D812BAB736900CABE0F /* GlobalConstans.swift.swift */; };
		DDC0B6292BA750AF0005BE73 /* FilterCell.swift in Sources */ = {isa = PBXBuildFile; fileRef = DDC0B6282BA750AF0005BE73 /* FilterCell.swift */; };
		DDCAB9432BD181AE0086F0F7 /* UIViewController+progressHUD.swift in Sources */ = {isa = PBXBuildFile; fileRef = DDCAB9422BD181AE0086F0F7 /* UIViewController+progressHUD.swift */; };
		DDE684672BD7AFA4005D21ED /* MoyaAPI.swift in Sources */ = {isa = PBXBuildFile; fileRef = DDE684662BD7AFA4005D21ED /* MoyaAPI.swift */; };
		DDEF80382BC486E9009D4594 /* AlertsManager.swift in Sources */ = {isa = PBXBuildFile; fileRef = DDEF80372BC486E9009D4594 /* AlertsManager.swift */; };
/* End PBXBuildFile section */

/* Begin PBXFileReference section */
		2628FBC4C40B6913A10027C3 /* Pods-CocktailsCategories.release.xcconfig */ = {isa = PBXFileReference; includeInIndex = 1; lastKnownFileType = text.xcconfig; name = "Pods-CocktailsCategories.release.xcconfig"; path = "Target Support Files/Pods-CocktailsCategories/Pods-CocktailsCategories.release.xcconfig"; sourceTree = "<group>"; };
		28B3015E39FBEC9BAB3402BD /* Pods_CocktailsCategories.framework */ = {isa = PBXFileReference; explicitFileType = wrapper.framework; includeInIndex = 0; path = Pods_CocktailsCategories.framework; sourceTree = BUILT_PRODUCTS_DIR; };
		664B8317C6B44E5CC5541865 /* Pods-CocktailsCategories.debug.xcconfig */ = {isa = PBXFileReference; includeInIndex = 1; lastKnownFileType = text.xcconfig; name = "Pods-CocktailsCategories.debug.xcconfig"; path = "Target Support Files/Pods-CocktailsCategories/Pods-CocktailsCategories.debug.xcconfig"; sourceTree = "<group>"; };
		DD1066982BA377A500C34563 /* FiltersViewController.swift */ = {isa = PBXFileReference; lastKnownFileType = sourcecode.swift; path = FiltersViewController.swift; sourceTree = "<group>"; };
		DD29D44F2BCDB84700669446 /* UITableView+lastIndexPath.swift */ = {isa = PBXFileReference; lastKnownFileType = sourcecode.swift; name = "UITableView+lastIndexPath.swift"; path = "CocktailsCategories/Classes/Extensions/UITableView+lastIndexPath.swift"; sourceTree = SOURCE_ROOT; };
		DD30A82A2B87765600D9C842 /* CocktailsViewModel.swift */ = {isa = PBXFileReference; lastKnownFileType = sourcecode.swift; path = CocktailsViewModel.swift; sourceTree = "<group>"; };
		DD30A82C2B8782AE00D9C842 /* CoctailsCategoryModel.swift */ = {isa = PBXFileReference; lastKnownFileType = sourcecode.swift; path = CoctailsCategoryModel.swift; sourceTree = "<group>"; };
		DD30A82E2B87842B00D9C842 /* CoctailsListModel.swift */ = {isa = PBXFileReference; lastKnownFileType = sourcecode.swift; path = CoctailsListModel.swift; sourceTree = "<group>"; };
		DD4BB6332B8696240076A34F /* CocktailsCategories.app */ = {isa = PBXFileReference; explicitFileType = wrapper.application; includeInIndex = 0; path = CocktailsCategories.app; sourceTree = BUILT_PRODUCTS_DIR; };
		DD4BB6362B8696240076A34F /* AppDelegate.swift */ = {isa = PBXFileReference; lastKnownFileType = sourcecode.swift; path = AppDelegate.swift; sourceTree = "<group>"; };
		DD4BB6382B8696240076A34F /* SceneDelegate.swift */ = {isa = PBXFileReference; lastKnownFileType = sourcecode.swift; path = SceneDelegate.swift; sourceTree = "<group>"; };
		DD4BB63A2B8696240076A34F /* CocktailsViewController.swift */ = {isa = PBXFileReference; lastKnownFileType = sourcecode.swift; path = CocktailsViewController.swift; sourceTree = "<group>"; };
		DD4BB63F2B8696250076A34F /* Assets.xcassets */ = {isa = PBXFileReference; lastKnownFileType = folder.assetcatalog; path = Assets.xcassets; sourceTree = "<group>"; };
		DD4BB6422B8696250076A34F /* Base */ = {isa = PBXFileReference; lastKnownFileType = file.storyboard; name = Base; path = Base.lproj/LaunchScreen.storyboard; sourceTree = "<group>"; };
		DD4BB6442B8696250076A34F /* Info.plist */ = {isa = PBXFileReference; lastKnownFileType = text.plist.xml; path = Info.plist; sourceTree = "<group>"; };
		DDA10D992BB7742900C06837 /* UIColor+hexString.swift */ = {isa = PBXFileReference; lastKnownFileType = sourcecode.swift; path = "UIColor+hexString.swift"; sourceTree = "<group>"; };
		DDA10D9D2BBDE84600C06837 /* CocktailCell.swift */ = {isa = PBXFileReference; lastKnownFileType = sourcecode.swift; path = CocktailCell.swift; sourceTree = "<group>"; };
		DDAA8D812BAB736900CABE0F /* GlobalConstans.swift.swift */ = {isa = PBXFileReference; lastKnownFileType = sourcecode.swift; path = GlobalConstans.swift.swift; sourceTree = "<group>"; };
		DDC0B6282BA750AF0005BE73 /* FilterCell.swift */ = {isa = PBXFileReference; lastKnownFileType = sourcecode.swift; path = FilterCell.swift; sourceTree = "<group>"; };
		DDCAB9422BD181AE0086F0F7 /* UIViewController+progressHUD.swift */ = {isa = PBXFileReference; lastKnownFileType = sourcecode.swift; path = "UIViewController+progressHUD.swift"; sourceTree = "<group>"; };
		DDE684662BD7AFA4005D21ED /* MoyaAPI.swift */ = {isa = PBXFileReference; lastKnownFileType = sourcecode.swift; path = MoyaAPI.swift; sourceTree = "<group>"; };
		DDEF80372BC486E9009D4594 /* AlertsManager.swift */ = {isa = PBXFileReference; lastKnownFileType = sourcecode.swift; path = AlertsManager.swift; sourceTree = "<group>"; };
/* End PBXFileReference section */

/* Begin PBXFrameworksBuildPhase section */
		DD4BB6302B8696240076A34F /* Frameworks */ = {
			isa = PBXFrameworksBuildPhase;
			buildActionMask = 2147483647;
			files = (
				D69B347F52B86DA1E9F0B173 /* Pods_CocktailsCategories.framework in Frameworks */,
			);
			runOnlyForDeploymentPostprocessing = 0;
		};
/* End PBXFrameworksBuildPhase section */

/* Begin PBXGroup section */
		2C07C909CCAB545E71F389E6 /* Frameworks */ = {
			isa = PBXGroup;
			children = (
				28B3015E39FBEC9BAB3402BD /* Pods_CocktailsCategories.framework */,
			);
			name = Frameworks;
			sourceTree = "<group>";
		};
		B14C3EC140D88B6EBF082F28 /* Pods */ = {
			isa = PBXGroup;
			children = (
				664B8317C6B44E5CC5541865 /* Pods-CocktailsCategories.debug.xcconfig */,
				2628FBC4C40B6913A10027C3 /* Pods-CocktailsCategories.release.xcconfig */,
			);
			path = Pods;
			sourceTree = "<group>";
		};
		DD4BB62A2B8696240076A34F = {
			isa = PBXGroup;
			children = (
				DD4BB6352B8696240076A34F /* CocktailsCategories */,
				DD4BB6342B8696240076A34F /* Products */,
				B14C3EC140D88B6EBF082F28 /* Pods */,
				2C07C909CCAB545E71F389E6 /* Frameworks */,
			);
			sourceTree = "<group>";
		};
		DD4BB6342B8696240076A34F /* Products */ = {
			isa = PBXGroup;
			children = (
				DD4BB6332B8696240076A34F /* CocktailsCategories.app */,
			);
			name = Products;
			sourceTree = "<group>";
		};
		DD4BB6352B8696240076A34F /* CocktailsCategories */ = {
			isa = PBXGroup;
			children = (
				DD4BB64A2B8697E60076A34F /* Classes */,
				DDAA8D802BAB729000CABE0F /* Constants */,
				DDEF80362BC4867C009D4594 /* Managers */,
				DD4BB6382B8696240076A34F /* SceneDelegate.swift */,
				DD4BB6362B8696240076A34F /* AppDelegate.swift */,
				DD4BB63F2B8696250076A34F /* Assets.xcassets */,
				DD4BB6412B8696250076A34F /* LaunchScreen.storyboard */,
				DD4BB6442B8696250076A34F /* Info.plist */,
			);
			path = CocktailsCategories;
			sourceTree = "<group>";
		};
		DD4BB64A2B8697E60076A34F /* Classes */ = {
			isa = PBXGroup;
			children = (
				DD4BB64F2B86986A0076A34F /* Extensions */,
				DD4BB64E2B86985B0076A34F /* API */,
				DD4BB64D2B8698380076A34F /* ViewModels */,
				DD4BB64C2B8698230076A34F /* Views */,
				DD4BB64B2B86980C0076A34F /* Models */,
			);
			path = Classes;
			sourceTree = "<group>";
		};
		DD4BB64B2B86980C0076A34F /* Models */ = {
			isa = PBXGroup;
			children = (
				DD30A82C2B8782AE00D9C842 /* CoctailsCategoryModel.swift */,
				DD30A82E2B87842B00D9C842 /* CoctailsListModel.swift */,
			);
			path = Models;
			sourceTree = "<group>";
		};
		DD4BB64C2B8698230076A34F /* Views */ = {
			isa = PBXGroup;
			children = (
				DDC0B6272BA7507F0005BE73 /* Cells */,
				DD4BB6502B86989B0076A34F /* Controllers */,
			);
			path = Views;
			sourceTree = "<group>";
		};
		DD4BB64D2B8698380076A34F /* ViewModels */ = {
			isa = PBXGroup;
			children = (
				DD30A82A2B87765600D9C842 /* CocktailsViewModel.swift */,
			);
			path = ViewModels;
			sourceTree = "<group>";
		};
		DD4BB64E2B86985B0076A34F /* API */ = {
			isa = PBXGroup;
			children = (
				DDE684662BD7AFA4005D21ED /* MoyaAPI.swift */,
			);
			path = API;
			sourceTree = "<group>";
		};
		DD4BB64F2B86986A0076A34F /* Extensions */ = {
			isa = PBXGroup;
			children = (
				DDA10D992BB7742900C06837 /* UIColor+hexString.swift */,
				DD29D44F2BCDB84700669446 /* UITableView+lastIndexPath.swift */,
				DDCAB9422BD181AE0086F0F7 /* UIViewController+progressHUD.swift */,
			);
			path = Extensions;
			sourceTree = "<group>";
		};
		DD4BB6502B86989B0076A34F /* Controllers */ = {
			isa = PBXGroup;
			children = (
				DD4BB63A2B8696240076A34F /* CocktailsViewController.swift */,
				DD1066982BA377A500C34563 /* FiltersViewController.swift */,
			);
			path = Controllers;
			sourceTree = "<group>";
		};
		DDAA8D802BAB729000CABE0F /* Constants */ = {
			isa = PBXGroup;
			children = (
				DDAA8D812BAB736900CABE0F /* GlobalConstans.swift.swift */,
			);
			path = Constants;
			sourceTree = "<group>";
		};
		DDC0B6272BA7507F0005BE73 /* Cells */ = {
			isa = PBXGroup;
			children = (
				DDC0B6282BA750AF0005BE73 /* FilterCell.swift */,
				DDA10D9D2BBDE84600C06837 /* CocktailCell.swift */,
			);
			path = Cells;
			sourceTree = "<group>";
		};
		DDEF80362BC4867C009D4594 /* Managers */ = {
			isa = PBXGroup;
			children = (
				DDEF80372BC486E9009D4594 /* AlertsManager.swift */,
			);
			path = Managers;
			sourceTree = "<group>";
		};
/* End PBXGroup section */

/* Begin PBXNativeTarget section */
		DD4BB6322B8696240076A34F /* CocktailsCategories */ = {
			isa = PBXNativeTarget;
			buildConfigurationList = DD4BB6472B8696250076A34F /* Build configuration list for PBXNativeTarget "CocktailsCategories" */;
			buildPhases = (
				A1BD79933A518C1CB7E7ECA8 /* [CP] Check Pods Manifest.lock */,
				DD4BB62F2B8696240076A34F /* Sources */,
				DD4BB6302B8696240076A34F /* Frameworks */,
				DD4BB6312B8696240076A34F /* Resources */,
				04864D006E557D8F1B0043EE /* [CP] Embed Pods Frameworks */,
			);
			buildRules = (
			);
			dependencies = (
			);
			name = CocktailsCategories;
			productName = CocktailsCategories;
			productReference = DD4BB6332B8696240076A34F /* CocktailsCategories.app */;
			productType = "com.apple.product-type.application";
		};
/* End PBXNativeTarget section */

/* Begin PBXProject section */
		DD4BB62B2B8696240076A34F /* Project object */ = {
			isa = PBXProject;
			attributes = {
				BuildIndependentTargetsInParallel = 1;
				LastSwiftUpdateCheck = 1520;
				LastUpgradeCheck = 1520;
				TargetAttributes = {
					DD4BB6322B8696240076A34F = {
						CreatedOnToolsVersion = 15.2;
					};
				};
			};
			buildConfigurationList = DD4BB62E2B8696240076A34F /* Build configuration list for PBXProject "CocktailsCategories" */;
			compatibilityVersion = "Xcode 14.0";
			developmentRegion = en;
			hasScannedForEncodings = 0;
			knownRegions = (
				en,
				Base,
			);
			mainGroup = DD4BB62A2B8696240076A34F;
			productRefGroup = DD4BB6342B8696240076A34F /* Products */;
			projectDirPath = "";
			projectRoot = "";
			targets = (
				DD4BB6322B8696240076A34F /* CocktailsCategories */,
			);
		};
/* End PBXProject section */

/* Begin PBXResourcesBuildPhase section */
		DD4BB6312B8696240076A34F /* Resources */ = {
			isa = PBXResourcesBuildPhase;
			buildActionMask = 2147483647;
			files = (
				DD4BB6432B8696250076A34F /* LaunchScreen.storyboard in Resources */,
				DD4BB6402B8696250076A34F /* Assets.xcassets in Resources */,
			);
			runOnlyForDeploymentPostprocessing = 0;
		};
/* End PBXResourcesBuildPhase section */

/* Begin PBXShellScriptBuildPhase section */
		04864D006E557D8F1B0043EE /* [CP] Embed Pods Frameworks */ = {
			isa = PBXShellScriptBuildPhase;
			buildActionMask = 2147483647;
			files = (
			);
			inputFileListPaths = (
				"${PODS_ROOT}/Target Support Files/Pods-CocktailsCategories/Pods-CocktailsCategories-frameworks-${CONFIGURATION}-input-files.xcfilelist",
			);
			name = "[CP] Embed Pods Frameworks";
			outputFileListPaths = (
				"${PODS_ROOT}/Target Support Files/Pods-CocktailsCategories/Pods-CocktailsCategories-frameworks-${CONFIGURATION}-output-files.xcfilelist",
			);
			runOnlyForDeploymentPostprocessing = 0;
			shellPath = /bin/sh;
			shellScript = "\"${PODS_ROOT}/Target Support Files/Pods-CocktailsCategories/Pods-CocktailsCategories-frameworks.sh\"\n";
			showEnvVarsInLog = 0;
		};
		A1BD79933A518C1CB7E7ECA8 /* [CP] Check Pods Manifest.lock */ = {
			isa = PBXShellScriptBuildPhase;
			buildActionMask = 2147483647;
			files = (
			);
			inputFileListPaths = (
			);
			inputPaths = (
				"${PODS_PODFILE_DIR_PATH}/Podfile.lock",
				"${PODS_ROOT}/Manifest.lock",
			);
			name = "[CP] Check Pods Manifest.lock";
			outputFileListPaths = (
			);
			outputPaths = (
				"$(DERIVED_FILE_DIR)/Pods-CocktailsCategories-checkManifestLockResult.txt",
			);
			runOnlyForDeploymentPostprocessing = 0;
			shellPath = /bin/sh;
			shellScript = "diff \"${PODS_PODFILE_DIR_PATH}/Podfile.lock\" \"${PODS_ROOT}/Manifest.lock\" > /dev/null\nif [ $? != 0 ] ; then\n    # print error to STDERR\n    echo \"error: The sandbox is not in sync with the Podfile.lock. Run 'pod install' or update your CocoaPods installation.\" >&2\n    exit 1\nfi\n# This output is used by Xcode 'outputs' to avoid re-running this script phase.\necho \"SUCCESS\" > \"${SCRIPT_OUTPUT_FILE_0}\"\n";
			showEnvVarsInLog = 0;
		};
/* End PBXShellScriptBuildPhase section */

/* Begin PBXSourcesBuildPhase section */
		DD4BB62F2B8696240076A34F /* Sources */ = {
			isa = PBXSourcesBuildPhase;
			buildActionMask = 2147483647;
			files = (
				DD30A82D2B8782AE00D9C842 /* CoctailsCategoryModel.swift in Sources */,
				DD30A82F2B87842B00D9C842 /* CoctailsListModel.swift in Sources */,
				DDAA8D822BAB736900CABE0F /* GlobalConstans.swift.swift in Sources */,
				DDCAB9432BD181AE0086F0F7 /* UIViewController+progressHUD.swift in Sources */,
				DD4BB63B2B8696240076A34F /* CocktailsViewController.swift in Sources */,
				DD30A82B2B87765600D9C842 /* CocktailsViewModel.swift in Sources */,
				DDA10D9A2BB7742900C06837 /* UIColor+hexString.swift in Sources */,
				DD4BB6372B8696240076A34F /* AppDelegate.swift in Sources */,
				DDC0B6292BA750AF0005BE73 /* FilterCell.swift in Sources */,
				DDEF80382BC486E9009D4594 /* AlertsManager.swift in Sources */,
				DD4BB6392B8696240076A34F /* SceneDelegate.swift in Sources */,
				DD29D4502BCDB84700669446 /* UITableView+lastIndexPath.swift in Sources */,
				DDA10D9E2BBDE84600C06837 /* CocktailCell.swift in Sources */,
				DDE684672BD7AFA4005D21ED /* MoyaAPI.swift in Sources */,
				DD1066992BA377A500C34563 /* FiltersViewController.swift in Sources */,
			);
			runOnlyForDeploymentPostprocessing = 0;
		};
/* End PBXSourcesBuildPhase section */

/* Begin PBXVariantGroup section */
		DD4BB6412B8696250076A34F /* LaunchScreen.storyboard */ = {
			isa = PBXVariantGroup;
			children = (
				DD4BB6422B8696250076A34F /* Base */,
			);
			name = LaunchScreen.storyboard;
			sourceTree = "<group>";
		};
/* End PBXVariantGroup section */

/* Begin XCBuildConfiguration section */
		DD4BB6452B8696250076A34F /* Debug */ = {
			isa = XCBuildConfiguration;
			buildSettings = {
				ALWAYS_SEARCH_USER_PATHS = NO;
				ASSETCATALOG_COMPILER_GENERATE_SWIFT_ASSET_SYMBOL_EXTENSIONS = YES;
				CLANG_ANALYZER_NONNULL = YES;
				CLANG_ANALYZER_NUMBER_OBJECT_CONVERSION = YES_AGGRESSIVE;
				CLANG_CXX_LANGUAGE_STANDARD = "gnu++20";
				CLANG_ENABLE_MODULES = YES;
				CLANG_ENABLE_OBJC_ARC = YES;
				CLANG_ENABLE_OBJC_WEAK = YES;
				CLANG_WARN_BLOCK_CAPTURE_AUTORELEASING = YES;
				CLANG_WARN_BOOL_CONVERSION = YES;
				CLANG_WARN_COMMA = YES;
				CLANG_WARN_CONSTANT_CONVERSION = YES;
				CLANG_WARN_DEPRECATED_OBJC_IMPLEMENTATIONS = YES;
				CLANG_WARN_DIRECT_OBJC_ISA_USAGE = YES_ERROR;
				CLANG_WARN_DOCUMENTATION_COMMENTS = YES;
				CLANG_WARN_EMPTY_BODY = YES;
				CLANG_WARN_ENUM_CONVERSION = YES;
				CLANG_WARN_INFINITE_RECURSION = YES;
				CLANG_WARN_INT_CONVERSION = YES;
				CLANG_WARN_NON_LITERAL_NULL_CONVERSION = YES;
				CLANG_WARN_OBJC_IMPLICIT_RETAIN_SELF = YES;
				CLANG_WARN_OBJC_LITERAL_CONVERSION = YES;
				CLANG_WARN_OBJC_ROOT_CLASS = YES_ERROR;
				CLANG_WARN_QUOTED_INCLUDE_IN_FRAMEWORK_HEADER = YES;
				CLANG_WARN_RANGE_LOOP_ANALYSIS = YES;
				CLANG_WARN_STRICT_PROTOTYPES = YES;
				CLANG_WARN_SUSPICIOUS_MOVE = YES;
				CLANG_WARN_UNGUARDED_AVAILABILITY = YES_AGGRESSIVE;
				CLANG_WARN_UNREACHABLE_CODE = YES;
				CLANG_WARN__DUPLICATE_METHOD_MATCH = YES;
				COPY_PHASE_STRIP = NO;
				DEBUG_INFORMATION_FORMAT = dwarf;
				ENABLE_STRICT_OBJC_MSGSEND = YES;
				ENABLE_TESTABILITY = YES;
				ENABLE_USER_SCRIPT_SANDBOXING = NO;
				GCC_C_LANGUAGE_STANDARD = gnu17;
				GCC_DYNAMIC_NO_PIC = NO;
				GCC_NO_COMMON_BLOCKS = YES;
				GCC_OPTIMIZATION_LEVEL = 0;
				GCC_PREPROCESSOR_DEFINITIONS = (
					"DEBUG=1",
					"$(inherited)",
				);
				GCC_WARN_64_TO_32_BIT_CONVERSION = YES;
				GCC_WARN_ABOUT_RETURN_TYPE = YES_ERROR;
				GCC_WARN_UNDECLARED_SELECTOR = YES;
				GCC_WARN_UNINITIALIZED_AUTOS = YES_AGGRESSIVE;
				GCC_WARN_UNUSED_FUNCTION = YES;
				GCC_WARN_UNUSED_VARIABLE = YES;
				IPHONEOS_DEPLOYMENT_TARGET = 17.2;
				LOCALIZATION_PREFERS_STRING_CATALOGS = YES;
				MTL_ENABLE_DEBUG_INFO = INCLUDE_SOURCE;
				MTL_FAST_MATH = YES;
				ONLY_ACTIVE_ARCH = YES;
				SDKROOT = iphoneos;
				SWIFT_ACTIVE_COMPILATION_CONDITIONS = "DEBUG $(inherited)";
				SWIFT_OPTIMIZATION_LEVEL = "-Onone";
			};
			name = Debug;
		};
		DD4BB6462B8696250076A34F /* Release */ = {
			isa = XCBuildConfiguration;
			buildSettings = {
				ALWAYS_SEARCH_USER_PATHS = NO;
				ASSETCATALOG_COMPILER_GENERATE_SWIFT_ASSET_SYMBOL_EXTENSIONS = YES;
				CLANG_ANALYZER_NONNULL = YES;
				CLANG_ANALYZER_NUMBER_OBJECT_CONVERSION = YES_AGGRESSIVE;
				CLANG_CXX_LANGUAGE_STANDARD = "gnu++20";
				CLANG_ENABLE_MODULES = YES;
				CLANG_ENABLE_OBJC_ARC = YES;
				CLANG_ENABLE_OBJC_WEAK = YES;
				CLANG_WARN_BLOCK_CAPTURE_AUTORELEASING = YES;
				CLANG_WARN_BOOL_CONVERSION = YES;
				CLANG_WARN_COMMA = YES;
				CLANG_WARN_CONSTANT_CONVERSION = YES;
				CLANG_WARN_DEPRECATED_OBJC_IMPLEMENTATIONS = YES;
				CLANG_WARN_DIRECT_OBJC_ISA_USAGE = YES_ERROR;
				CLANG_WARN_DOCUMENTATION_COMMENTS = YES;
				CLANG_WARN_EMPTY_BODY = YES;
				CLANG_WARN_ENUM_CONVERSION = YES;
				CLANG_WARN_INFINITE_RECURSION = YES;
				CLANG_WARN_INT_CONVERSION = YES;
				CLANG_WARN_NON_LITERAL_NULL_CONVERSION = YES;
				CLANG_WARN_OBJC_IMPLICIT_RETAIN_SELF = YES;
				CLANG_WARN_OBJC_LITERAL_CONVERSION = YES;
				CLANG_WARN_OBJC_ROOT_CLASS = YES_ERROR;
				CLANG_WARN_QUOTED_INCLUDE_IN_FRAMEWORK_HEADER = YES;
				CLANG_WARN_RANGE_LOOP_ANALYSIS = YES;
				CLANG_WARN_STRICT_PROTOTYPES = YES;
				CLANG_WARN_SUSPICIOUS_MOVE = YES;
				CLANG_WARN_UNGUARDED_AVAILABILITY = YES_AGGRESSIVE;
				CLANG_WARN_UNREACHABLE_CODE = YES;
				CLANG_WARN__DUPLICATE_METHOD_MATCH = YES;
				COPY_PHASE_STRIP = NO;
				DEBUG_INFORMATION_FORMAT = "dwarf-with-dsym";
				ENABLE_NS_ASSERTIONS = NO;
				ENABLE_STRICT_OBJC_MSGSEND = YES;
				ENABLE_USER_SCRIPT_SANDBOXING = NO;
				GCC_C_LANGUAGE_STANDARD = gnu17;
				GCC_NO_COMMON_BLOCKS = YES;
				GCC_WARN_64_TO_32_BIT_CONVERSION = YES;
				GCC_WARN_ABOUT_RETURN_TYPE = YES_ERROR;
				GCC_WARN_UNDECLARED_SELECTOR = YES;
				GCC_WARN_UNINITIALIZED_AUTOS = YES_AGGRESSIVE;
				GCC_WARN_UNUSED_FUNCTION = YES;
				GCC_WARN_UNUSED_VARIABLE = YES;
				IPHONEOS_DEPLOYMENT_TARGET = 17.2;
				LOCALIZATION_PREFERS_STRING_CATALOGS = YES;
				MTL_ENABLE_DEBUG_INFO = NO;
				MTL_FAST_MATH = YES;
				SDKROOT = iphoneos;
				SWIFT_COMPILATION_MODE = wholemodule;
				VALIDATE_PRODUCT = YES;
			};
			name = Release;
		};
		DD4BB6482B8696250076A34F /* Debug */ = {
			isa = XCBuildConfiguration;
			baseConfigurationReference = 664B8317C6B44E5CC5541865 /* Pods-CocktailsCategories.debug.xcconfig */;
			buildSettings = {
				ASSETCATALOG_COMPILER_APPICON_NAME = AppIcon;
				ASSETCATALOG_COMPILER_GLOBAL_ACCENT_COLOR_NAME = AccentColor;
				CODE_SIGN_STYLE = Automatic;
				CURRENT_PROJECT_VERSION = 1;
				DEVELOPMENT_TEAM = D28SS25G7Y;
				GENERATE_INFOPLIST_FILE = YES;
				INFOPLIST_FILE = CocktailsCategories/Info.plist;
				INFOPLIST_KEY_UIApplicationSupportsIndirectInputEvents = YES;
				INFOPLIST_KEY_UILaunchStoryboardName = LaunchScreen;
				INFOPLIST_KEY_UISupportedInterfaceOrientations_iPad = "UIInterfaceOrientationPortrait UIInterfaceOrientationPortraitUpsideDown UIInterfaceOrientationLandscapeLeft UIInterfaceOrientationLandscapeRight";
				INFOPLIST_KEY_UISupportedInterfaceOrientations_iPhone = "UIInterfaceOrientationPortrait UIInterfaceOrientationLandscapeLeft UIInterfaceOrientationLandscapeRight";
				LD_RUNPATH_SEARCH_PATHS = (
					"$(inherited)",
					"@executable_path/Frameworks",
				);
				MARKETING_VERSION = 1.0;
				PRODUCT_BUNDLE_IDENTIFIER = Vadym.CocktailsCategories;
				PRODUCT_NAME = "$(TARGET_NAME)";
				SWIFT_EMIT_LOC_STRINGS = YES;
				SWIFT_VERSION = 5.0;
				TARGETED_DEVICE_FAMILY = "1,2";
			};
			name = Debug;
		};
		DD4BB6492B8696250076A34F /* Release */ = {
			isa = XCBuildConfiguration;
			baseConfigurationReference = 2628FBC4C40B6913A10027C3 /* Pods-CocktailsCategories.release.xcconfig */;
			buildSettings = {
				ASSETCATALOG_COMPILER_APPICON_NAME = AppIcon;
				ASSETCATALOG_COMPILER_GLOBAL_ACCENT_COLOR_NAME = AccentColor;
				CODE_SIGN_STYLE = Automatic;
				CURRENT_PROJECT_VERSION = 1;
				DEVELOPMENT_TEAM = D28SS25G7Y;
				GENERATE_INFOPLIST_FILE = YES;
				INFOPLIST_FILE = CocktailsCategories/Info.plist;
				INFOPLIST_KEY_UIApplicationSupportsIndirectInputEvents = YES;
				INFOPLIST_KEY_UILaunchStoryboardName = LaunchScreen;
				INFOPLIST_KEY_UISupportedInterfaceOrientations_iPad = "UIInterfaceOrientationPortrait UIInterfaceOrientationPortraitUpsideDown UIInterfaceOrientationLandscapeLeft UIInterfaceOrientationLandscapeRight";
				INFOPLIST_KEY_UISupportedInterfaceOrientations_iPhone = "UIInterfaceOrientationPortrait UIInterfaceOrientationLandscapeLeft UIInterfaceOrientationLandscapeRight";
				LD_RUNPATH_SEARCH_PATHS = (
					"$(inherited)",
					"@executable_path/Frameworks",
				);
				MARKETING_VERSION = 1.0;
				PRODUCT_BUNDLE_IDENTIFIER = Vadym.CocktailsCategories;
				PRODUCT_NAME = "$(TARGET_NAME)";
				SWIFT_EMIT_LOC_STRINGS = YES;
				SWIFT_VERSION = 5.0;
				TARGETED_DEVICE_FAMILY = "1,2";
			};
			name = Release;
		};
/* End XCBuildConfiguration section */

/* Begin XCConfigurationList section */
		DD4BB62E2B8696240076A34F /* Build configuration list for PBXProject "CocktailsCategories" */ = {
			isa = XCConfigurationList;
			buildConfigurations = (
				DD4BB6452B8696250076A34F /* Debug */,
				DD4BB6462B8696250076A34F /* Release */,
			);
			defaultConfigurationIsVisible = 0;
			defaultConfigurationName = Release;
		};
		DD4BB6472B8696250076A34F /* Build configuration list for PBXNativeTarget "CocktailsCategories" */ = {
			isa = XCConfigurationList;
			buildConfigurations = (
				DD4BB6482B8696250076A34F /* Debug */,
				DD4BB6492B8696250076A34F /* Release */,
			);
			defaultConfigurationIsVisible = 0;
			defaultConfigurationName = Release;
		};
/* End XCConfigurationList section */
	};
	rootObject = DD4BB62B2B8696240076A34F /* Project object */;
}
