PODS:
  - MBProgressHUD (1.2.0)
  - SDWebImage (5.19.1):
    - SDWebImage/Core (= 5.19.1)
  - SDWebImage/Core (5.19.1)

DEPENDENCIES:
  - MBProgressHUD (~> 1.2.0)
  - SDWebImage

SPEC REPOS:
  trunk:
    - MBProgressHUD
    - SDWebImage

SPEC CHECKSUMS:
  MBProgressHUD: 3ee5efcc380f6a79a7cc9b363dd669c5e1ae7406
  SDWebImage: 40b0b4053e36c660a764958bff99eed16610acbb

PODFILE CHECKSUM: 5058c2dfa32a087536cb3f9eff49b9b1ade6bbbc

COCOAPODS: 1.14.3
