PODS:
  - SDWebImage (5.19.1):
    - SDWebImage/Core (= 5.19.1)
  - SDWebImage/Core (5.19.1)

DEPENDENCIES:
  - SDWebImage

SPEC REPOS:
  trunk:
    - SDWebImage

SPEC CHECKSUMS:
  SDWebImage: 40b0b4053e36c660a764958bff99eed16610acbb

PODFILE CHECKSUM: 72d648d5f674b7e377cc02fe0aa3bbe6e44dc5ad

COCOAPODS: 1.14.3
